
Microsoft Visual Studio Solution File, Format Version 12.00
# Visual Studio Version 17
VisualStudioVersion = 17.9.34902.65
MinimumVisualStudioVersion = 10.0.40219.1
Project("{9A19103F-16F7-4668-BE54-9A1E7A4F7556}") = "SaudeBemEstaApp.Patients.API", "SaudeBemEstaApp.Patient\SaudeBemEstaApp.Patients.API.csproj", "{12758AA3-D679-48EF-9CA7-1E88D98DA194}"
EndProject
Project("{9A19103F-16F7-4668-BE54-9A1E7A4F7556}") = "SaudeBemEstaApp.Domain", "SaudeBemEstaApp.Domain\SaudeBemEstaApp.Domain.csproj", "{2BB27309-7F27-4B2A-9585-527FCAA84639}"
EndProject
Project("{9A19103F-16F7-4668-BE54-9A1E7A4F7556}") = "SaudeBemEstaApp.Infrastructure", "SaudeBemEstaApp.Infrastructure\SaudeBemEstaApp.Infrastructure.csproj", "{EC5C5CB6-F91C-4E79-B1C4-8253F0056855}"
EndProject
Project("{9A19103F-16F7-4668-BE54-9A1E7A4F7556}") = "SaudeBemEstaApp.Appointments.API", "SaudeBemEstaApp.Appointment.API\SaudeBemEstaApp.Appointments.API.csproj", "{D015A66A-A40F-4E9B-B23B-4C93547B7BD5}"
EndProject
Project("{FAE04EC0-301F-11D3-BF4B-00C04F79EFBC}") = "SaudeBemEstaApp.Prescription.API", "SaudeBemEstaApp.Prescription.API\SaudeBemEstaApp.Prescription.API.csproj", "{6D30873B-B1F4-460C-97ED-4A81D420EE4C}"
EndProject
Global
	GlobalSection(SolutionConfigurationPlatforms) = preSolution
		Debug|Any CPU = Debug|Any CPU
		Release|Any CPU = Release|Any CPU
	EndGlobalSection
	GlobalSection(ProjectConfigurationPlatforms) = postSolution
		{12758AA3-D679-48EF-9CA7-1E88D98DA194}.Debug|Any CPU.ActiveCfg = Debug|Any CPU
		{12758AA3-D679-48EF-9CA7-1E88D98DA194}.Debug|Any CPU.Build.0 = Debug|Any CPU
		{12758AA3-D679-48EF-9CA7-1E88D98DA194}.Release|Any CPU.ActiveCfg = Release|Any CPU
		{12758AA3-D679-48EF-9CA7-1E88D98DA194}.Release|Any CPU.Build.0 = Release|Any CPU
		{2BB27309-7F27-4B2A-9585-527FCAA84639}.Debug|Any CPU.ActiveCfg = Debug|Any CPU
		{2BB27309-7F27-4B2A-9585-527FCAA84639}.Debug|Any CPU.Build.0 = Debug|Any CPU
		{2BB27309-7F27-4B2A-9585-527FCAA84639}.Release|Any CPU.ActiveCfg = Release|Any CPU
		{2BB27309-7F27-4B2A-9585-527FCAA84639}.Release|Any CPU.Build.0 = Release|Any CPU
		{EC5C5CB6-F91C-4E79-B1C4-8253F0056855}.Debug|Any CPU.ActiveCfg = Debug|Any CPU
		{EC5C5CB6-F91C-4E79-B1C4-8253F0056855}.Debug|Any CPU.Build.0 = Debug|Any CPU
		{EC5C5CB6-F91C-4E79-B1C4-8253F0056855}.Release|Any CPU.ActiveCfg = Release|Any CPU
		{EC5C5CB6-F91C-4E79-B1C4-8253F0056855}.Release|Any CPU.Build.0 = Release|Any CPU
		{D015A66A-A40F-4E9B-B23B-4C93547B7BD5}.Debug|Any CPU.ActiveCfg = Debug|Any CPU
		{D015A66A-A40F-4E9B-B23B-4C93547B7BD5}.Debug|Any CPU.Build.0 = Debug|Any CPU
		{D015A66A-A40F-4E9B-B23B-4C93547B7BD5}.Release|Any CPU.ActiveCfg = Release|Any CPU
		{D015A66A-A40F-4E9B-B23B-4C93547B7BD5}.Release|Any CPU.Build.0 = Release|Any CPU
		{6D30873B-B1F4-460C-97ED-4A81D420EE4C}.Debug|Any CPU.ActiveCfg = Debug|Any CPU
		{6D30873B-B1F4-460C-97ED-4A81D420EE4C}.Debug|Any CPU.Build.0 = Debug|Any CPU
		{6D30873B-B1F4-460C-97ED-4A81D420EE4C}.Release|Any CPU.ActiveCfg = Release|Any CPU
		{6D30873B-B1F4-460C-97ED-4A81D420EE4C}.Release|Any CPU.Build.0 = Release|Any CPU
	EndGlobalSection
	GlobalSection(SolutionProperties) = preSolution
		HideSolutionNode = FALSE
	EndGlobalSection
	GlobalSection(ExtensibilityGlobals) = postSolution
		SolutionGuid = {BEEA4F63-6699-4D68-ABC0-E5BF6904751A}
	EndGlobalSection
EndGlobal
